// !$*UTF8*$!
{
	archiveVersion = 1;
	classes = {
	};
	objectVersion = 55;
	objects = {

/* Begin PBXBuildFile section */
		6D6747735A2C70DABB5B212F /* Pods_Parstagram.framework in Frameworks */ = {isa = PBXBuildFile; fileRef = 53C1121E1CCDF6B19BE3BECD /* Pods_Parstagram.framework */; };
		8E131E9A27EBD5C600C61027 /* AppDelegate.swift in Sources */ = {isa = PBXBuildFile; fileRef = 8E131E9927EBD5C600C61027 /* AppDelegate.swift */; };
		8E131E9C27EBD5C600C61027 /* SceneDelegate.swift in Sources */ = {isa = PBXBuildFile; fileRef = 8E131E9B27EBD5C600C61027 /* SceneDelegate.swift */; };
		8E131EA127EBD5C600C61027 /* Main.storyboard in Resources */ = {isa = PBXBuildFile; fileRef = 8E131E9F27EBD5C600C61027 /* Main.storyboard */; };
		8E131EA327EBD5C700C61027 /* Assets.xcassets in Resources */ = {isa = PBXBuildFile; fileRef = 8E131EA227EBD5C700C61027 /* Assets.xcassets */; };
		8E131EA627EBD5C700C61027 /* LaunchScreen.storyboard in Resources */ = {isa = PBXBuildFile; fileRef = 8E131EA427EBD5C700C61027 /* LaunchScreen.storyboard */; };
		8E131EB127EBD5C700C61027 /* ParstagramTests.swift in Sources */ = {isa = PBXBuildFile; fileRef = 8E131EB027EBD5C700C61027 /* ParstagramTests.swift */; };
		8E131EBB27EBD5C700C61027 /* ParstagramUITests.swift in Sources */ = {isa = PBXBuildFile; fileRef = 8E131EBA27EBD5C700C61027 /* ParstagramUITests.swift */; };
		8E131EBD27EBD5C700C61027 /* ParstagramUITestsLaunchTests.swift in Sources */ = {isa = PBXBuildFile; fileRef = 8E131EBC27EBD5C700C61027 /* ParstagramUITestsLaunchTests.swift */; };
		8E131ECA27ECCF5600C61027 /* LoginViewController.swift in Sources */ = {isa = PBXBuildFile; fileRef = 8E131EC927ECCF5600C61027 /* LoginViewController.swift */; };
		8E131ECC27ECCF6D00C61027 /* FeedViewController.swift in Sources */ = {isa = PBXBuildFile; fileRef = 8E131ECB27ECCF6D00C61027 /* FeedViewController.swift */; };
		8E131ECE27ECD70D00C61027 /* CameraViewController.swift in Sources */ = {isa = PBXBuildFile; fileRef = 8E131ECD27ECD70D00C61027 /* CameraViewController.swift */; };
		8E131ED027ECE87A00C61027 /* PostCell.swift in Sources */ = {isa = PBXBuildFile; fileRef = 8E131ECF27ECE87A00C61027 /* PostCell.swift */; };
		8EE685DA27F6193900188316 /* CommentViewCell.swift in Sources */ = {isa = PBXBuildFile; fileRef = 8EE685D927F6193900188316 /* CommentViewCell.swift */; };
		8EE685E027F6382E00188316 /* ProfileViewController.swift in Sources */ = {isa = PBXBuildFile; fileRef = 8EE685DF27F6382E00188316 /* ProfileViewController.swift */; };
/* End PBXBuildFile section */

/* Begin PBXContainerItemProxy section */
		8E131EAD27EBD5C700C61027 /* PBXContainerItemProxy */ = {
			isa = PBXContainerItemProxy;
			containerPortal = 8E131E8E27EBD5C600C61027 /* Project object */;
			proxyType = 1;
			remoteGlobalIDString = 8E131E9527EBD5C600C61027;
			remoteInfo = Parstagram;
		};
		8E131EB727EBD5C700C61027 /* PBXContainerItemProxy */ = {
			isa = PBXContainerItemProxy;
			containerPortal = 8E131E8E27EBD5C600C61027 /* Project object */;
			proxyType = 1;
			remoteGlobalIDString = 8E131E9527EBD5C600C61027;
			remoteInfo = Parstagram;
		};
/* End PBXContainerItemProxy section */

/* Begin PBXFileReference section */
		3D72FF89D0FC1BFF15774124 /* Pods-Parstagram.release.xcconfig */ = {isa = PBXFileReference; includeInIndex = 1; lastKnownFileType = text.xcconfig; name = "Pods-Parstagram.release.xcconfig"; path = "Target Support Files/Pods-Parstagram/Pods-Parstagram.release.xcconfig"; sourceTree = "<group>"; };
		53C1121E1CCDF6B19BE3BECD /* Pods_Parstagram.framework */ = {isa = PBXFileReference; explicitFileType = wrapper.framework; includeInIndex = 0; path = Pods_Parstagram.framework; sourceTree = BUILT_PRODUCTS_DIR; };
		8E131E9627EBD5C600C61027 /* Parstagram.app */ = {isa = PBXFileReference; explicitFileType = wrapper.application; includeInIndex = 0; path = Parstagram.app; sourceTree = BUILT_PRODUCTS_DIR; };
		8E131E9927EBD5C600C61027 /* AppDelegate.swift */ = {isa = PBXFileReference; lastKnownFileType = sourcecode.swift; path = AppDelegate.swift; sourceTree = "<group>"; };
		8E131E9B27EBD5C600C61027 /* SceneDelegate.swift */ = {isa = PBXFileReference; lastKnownFileType = sourcecode.swift; path = SceneDelegate.swift; sourceTree = "<group>"; };
		8E131EA027EBD5C600C61027 /* Base */ = {isa = PBXFileReference; lastKnownFileType = file.storyboard; name = Base; path = Base.lproj/Main.storyboard; sourceTree = "<group>"; };
		8E131EA227EBD5C700C61027 /* Assets.xcassets */ = {isa = PBXFileReference; lastKnownFileType = folder.assetcatalog; path = Assets.xcassets; sourceTree = "<group>"; };
		8E131EA527EBD5C700C61027 /* Base */ = {isa = PBXFileReference; lastKnownFileType = file.storyboard; name = Base; path = Base.lproj/LaunchScreen.storyboard; sourceTree = "<group>"; };
		8E131EA727EBD5C700C61027 /* Info.plist */ = {isa = PBXFileReference; lastKnownFileType = text.plist.xml; path = Info.plist; sourceTree = "<group>"; };
		8E131EAC27EBD5C700C61027 /* ParstagramTests.xctest */ = {isa = PBXFileReference; explicitFileType = wrapper.cfbundle; includeInIndex = 0; path = ParstagramTests.xctest; sourceTree = BUILT_PRODUCTS_DIR; };
		8E131EB027EBD5C700C61027 /* ParstagramTests.swift */ = {isa = PBXFileReference; lastKnownFileType = sourcecode.swift; path = ParstagramTests.swift; sourceTree = "<group>"; };
		8E131EB627EBD5C700C61027 /* ParstagramUITests.xctest */ = {isa = PBXFileReference; explicitFileType = wrapper.cfbundle; includeInIndex = 0; path = ParstagramUITests.xctest; sourceTree = BUILT_PRODUCTS_DIR; };
		8E131EBA27EBD5C700C61027 /* ParstagramUITests.swift */ = {isa = PBXFileReference; lastKnownFileType = sourcecode.swift; path = ParstagramUITests.swift; sourceTree = "<group>"; };
		8E131EBC27EBD5C700C61027 /* ParstagramUITestsLaunchTests.swift */ = {isa = PBXFileReference; lastKnownFileType = sourcecode.swift; path = ParstagramUITestsLaunchTests.swift; sourceTree = "<group>"; };
		8E131EC927ECCF5600C61027 /* LoginViewController.swift */ = {isa = PBXFileReference; lastKnownFileType = sourcecode.swift; path = LoginViewController.swift; sourceTree = "<group>"; };
		8E131ECB27ECCF6D00C61027 /* FeedViewController.swift */ = {isa = PBXFileReference; lastKnownFileType = sourcecode.swift; path = FeedViewController.swift; sourceTree = "<group>"; };
		8E131ECD27ECD70D00C61027 /* CameraViewController.swift */ = {isa = PBXFileReference; lastKnownFileType = sourcecode.swift; path = CameraViewController.swift; sourceTree = "<group>"; };
		8E131ECF27ECE87A00C61027 /* PostCell.swift */ = {isa = PBXFileReference; lastKnownFileType = sourcecode.swift; path = PostCell.swift; sourceTree = "<group>"; };
		8EE685D927F6193900188316 /* CommentViewCell.swift */ = {isa = PBXFileReference; lastKnownFileType = sourcecode.swift; path = CommentViewCell.swift; sourceTree = "<group>"; };
		8EE685DF27F6382E00188316 /* ProfileViewController.swift */ = {isa = PBXFileReference; lastKnownFileType = sourcecode.swift; path = ProfileViewController.swift; sourceTree = "<group>"; };
		C0C1B85A95953F948305F466 /* Pods-Parstagram.debug.xcconfig */ = {isa = PBXFileReference; includeInIndex = 1; lastKnownFileType = text.xcconfig; name = "Pods-Parstagram.debug.xcconfig"; path = "Target Support Files/Pods-Parstagram/Pods-Parstagram.debug.xcconfig"; sourceTree = "<group>"; };
/* End PBXFileReference section */

/* Begin PBXFrameworksBuildPhase section */
		8E131E9327EBD5C600C61027 /* Frameworks */ = {
			isa = PBXFrameworksBuildPhase;
			buildActionMask = 2147483647;
			files = (
				6D6747735A2C70DABB5B212F /* Pods_Parstagram.framework in Frameworks */,
			);
			runOnlyForDeploymentPostprocessing = 0;
		};
		8E131EA927EBD5C700C61027 /* Frameworks */ = {
			isa = PBXFrameworksBuildPhase;
			buildActionMask = 2147483647;
			files = (
			);
			runOnlyForDeploymentPostprocessing = 0;
		};
		8E131EB327EBD5C700C61027 /* Frameworks */ = {
			isa = PBXFrameworksBuildPhase;
			buildActionMask = 2147483647;
			files = (
			);
			runOnlyForDeploymentPostprocessing = 0;
		};
/* End PBXFrameworksBuildPhase section */

/* Begin PBXGroup section */
		572232DA466AA93B05371C18 /* Pods */ = {
			isa = PBXGroup;
			children = (
				C0C1B85A95953F948305F466 /* Pods-Parstagram.debug.xcconfig */,
				3D72FF89D0FC1BFF15774124 /* Pods-Parstagram.release.xcconfig */,
			);
			path = Pods;
			sourceTree = "<group>";
		};
		8E131E8D27EBD5C600C61027 = {
			isa = PBXGroup;
			children = (
				8E131E9827EBD5C600C61027 /* Parstagram */,
				8E131EAF27EBD5C700C61027 /* ParstagramTests */,
				8E131EB927EBD5C700C61027 /* ParstagramUITests */,
				8E131E9727EBD5C600C61027 /* Products */,
				572232DA466AA93B05371C18 /* Pods */,
				A02F8A6664BD53E5E31FC754 /* Frameworks */,
			);
			sourceTree = "<group>";
		};
		8E131E9727EBD5C600C61027 /* Products */ = {
			isa = PBXGroup;
			children = (
				8E131E9627EBD5C600C61027 /* Parstagram.app */,
				8E131EAC27EBD5C700C61027 /* ParstagramTests.xctest */,
				8E131EB627EBD5C700C61027 /* ParstagramUITests.xctest */,
			);
			name = Products;
			sourceTree = "<group>";
		};
		8E131E9827EBD5C600C61027 /* Parstagram */ = {
			isa = PBXGroup;
			children = (
				8E131E9927EBD5C600C61027 /* AppDelegate.swift */,
				8E131E9B27EBD5C600C61027 /* SceneDelegate.swift */,
				8E131E9F27EBD5C600C61027 /* Main.storyboard */,
				8E131EA227EBD5C700C61027 /* Assets.xcassets */,
				8E131EA427EBD5C700C61027 /* LaunchScreen.storyboard */,
				8E131EA727EBD5C700C61027 /* Info.plist */,
				8E131EC927ECCF5600C61027 /* LoginViewController.swift */,
				8E131ECB27ECCF6D00C61027 /* FeedViewController.swift */,
				8E131ECD27ECD70D00C61027 /* CameraViewController.swift */,
				8EE685DF27F6382E00188316 /* ProfileViewController.swift */,
				8E131ECF27ECE87A00C61027 /* PostCell.swift */,
				8EE685D927F6193900188316 /* CommentViewCell.swift */,
			);
			path = Parstagram;
			sourceTree = "<group>";
		};
		8E131EAF27EBD5C700C61027 /* ParstagramTests */ = {
			isa = PBXGroup;
			children = (
				8E131EB027EBD5C700C61027 /* ParstagramTests.swift */,
			);
			path = ParstagramTests;
			sourceTree = "<group>";
		};
		8E131EB927EBD5C700C61027 /* ParstagramUITests */ = {
			isa = PBXGroup;
			children = (
				8E131EBA27EBD5C700C61027 /* ParstagramUITests.swift */,
				8E131EBC27EBD5C700C61027 /* ParstagramUITestsLaunchTests.swift */,
			);
			path = ParstagramUITests;
			sourceTree = "<group>";
		};
		A02F8A6664BD53E5E31FC754 /* Frameworks */ = {
			isa = PBXGroup;
			children = (
				53C1121E1CCDF6B19BE3BECD /* Pods_Parstagram.framework */,
			);
			name = Frameworks;
			sourceTree = "<group>";
		};
/* End PBXGroup section */

/* Begin PBXNativeTarget section */
		8E131E9527EBD5C600C61027 /* Parstagram */ = {
			isa = PBXNativeTarget;
			buildConfigurationList = 8E131EC027EBD5C700C61027 /* Build configuration list for PBXNativeTarget "Parstagram" */;
			buildPhases = (
				490BC124850259938CF9B5AF /* [CP] Check Pods Manifest.lock */,
				8E131E9227EBD5C600C61027 /* Sources */,
				8E131E9327EBD5C600C61027 /* Frameworks */,
				8E131E9427EBD5C600C61027 /* Resources */,
				8505C2D33D857942508C9B4C /* [CP] Embed Pods Frameworks */,
			);
			buildRules = (
			);
			dependencies = (
			);
			name = Parstagram;
			productName = Parstagram;
			productReference = 8E131E9627EBD5C600C61027 /* Parstagram.app */;
			productType = "com.apple.product-type.application";
		};
		8E131EAB27EBD5C700C61027 /* ParstagramTests */ = {
			isa = PBXNativeTarget;
			buildConfigurationList = 8E131EC327EBD5C700C61027 /* Build configuration list for PBXNativeTarget "ParstagramTests" */;
			buildPhases = (
				8E131EA827EBD5C700C61027 /* Sources */,
				8E131EA927EBD5C700C61027 /* Frameworks */,
				8E131EAA27EBD5C700C61027 /* Resources */,
			);
			buildRules = (
			);
			dependencies = (
				8E131EAE27EBD5C700C61027 /* PBXTargetDependency */,
			);
			name = ParstagramTests;
			productName = ParstagramTests;
			productReference = 8E131EAC27EBD5C700C61027 /* ParstagramTests.xctest */;
			productType = "com.apple.product-type.bundle.unit-test";
		};
		8E131EB527EBD5C700C61027 /* ParstagramUITests */ = {
			isa = PBXNativeTarget;
			buildConfigurationList = 8E131EC627EBD5C700C61027 /* Build configuration list for PBXNativeTarget "ParstagramUITests" */;
			buildPhases = (
				8E131EB227EBD5C700C61027 /* Sources */,
				8E131EB327EBD5C700C61027 /* Frameworks */,
				8E131EB427EBD5C700C61027 /* Resources */,
			);
			buildRules = (
			);
			dependencies = (
				8E131EB827EBD5C700C61027 /* PBXTargetDependency */,
			);
			name = ParstagramUITests;
			productName = ParstagramUITests;
			productReference = 8E131EB627EBD5C700C61027 /* ParstagramUITests.xctest */;
			productType = "com.apple.product-type.bundle.ui-testing";
		};
/* End PBXNativeTarget section */

/* Begin PBXProject section */
		8E131E8E27EBD5C600C61027 /* Project object */ = {
			isa = PBXProject;
			attributes = {
				BuildIndependentTargetsInParallel = 1;
				LastSwiftUpdateCheck = 1330;
				LastUpgradeCheck = 1330;
				TargetAttributes = {
					8E131E9527EBD5C600C61027 = {
						CreatedOnToolsVersion = 13.3;
					};
					8E131EAB27EBD5C700C61027 = {
						CreatedOnToolsVersion = 13.3;
						TestTargetID = 8E131E9527EBD5C600C61027;
					};
					8E131EB527EBD5C700C61027 = {
						CreatedOnToolsVersion = 13.3;
						TestTargetID = 8E131E9527EBD5C600C61027;
					};
				};
			};
			buildConfigurationList = 8E131E9127EBD5C600C61027 /* Build configuration list for PBXProject "Parstagram" */;
			compatibilityVersion = "Xcode 13.0";
			developmentRegion = en;
			hasScannedForEncodings = 0;
			knownRegions = (
				en,
				Base,
			);
			mainGroup = 8E131E8D27EBD5C600C61027;
			productRefGroup = 8E131E9727EBD5C600C61027 /* Products */;
			projectDirPath = "";
			projectRoot = "";
			targets = (
				8E131E9527EBD5C600C61027 /* Parstagram */,
				8E131EAB27EBD5C700C61027 /* ParstagramTests */,
				8E131EB527EBD5C700C61027 /* ParstagramUITests */,
			);
		};
/* End PBXProject section */

/* Begin PBXResourcesBuildPhase section */
		8E131E9427EBD5C600C61027 /* Resources */ = {
			isa = PBXResourcesBuildPhase;
			buildActionMask = 2147483647;
			files = (
				8E131EA627EBD5C700C61027 /* LaunchScreen.storyboard in Resources */,
				8E131EA327EBD5C700C61027 /* Assets.xcassets in Resources */,
				8E131EA127EBD5C600C61027 /* Main.storyboard in Resources */,
			);
			runOnlyForDeploymentPostprocessing = 0;
		};
		8E131EAA27EBD5C700C61027 /* Resources */ = {
			isa = PBXResourcesBuildPhase;
			buildActionMask = 2147483647;
			files = (
			);
			runOnlyForDeploymentPostprocessing = 0;
		};
		8E131EB427EBD5C700C61027 /* Resources */ = {
			isa = PBXResourcesBuildPhase;
			buildActionMask = 2147483647;
			files = (
			);
			runOnlyForDeploymentPostprocessing = 0;
		};
/* End PBXResourcesBuildPhase section */

/* Begin PBXShellScriptBuildPhase section */
		490BC124850259938CF9B5AF /* [CP] Check Pods Manifest.lock */ = {
			isa = PBXShellScriptBuildPhase;
			buildActionMask = 2147483647;
			files = (
			);
			inputFileListPaths = (
			);
			inputPaths = (
				"${PODS_PODFILE_DIR_PATH}/Podfile.lock",
				"${PODS_ROOT}/Manifest.lock",
			);
			name = "[CP] Check Pods Manifest.lock";
			outputFileListPaths = (
			);
			outputPaths = (
				"$(DERIVED_FILE_DIR)/Pods-Parstagram-checkManifestLockResult.txt",
			);
			runOnlyForDeploymentPostprocessing = 0;
			shellPath = /bin/sh;
			shellScript = "diff \"${PODS_PODFILE_DIR_PATH}/Podfile.lock\" \"${PODS_ROOT}/Manifest.lock\" > /dev/null\nif [ $? != 0 ] ; then\n    # print error to STDERR\n    echo \"error: The sandbox is not in sync with the Podfile.lock. Run 'pod install' or update your CocoaPods installation.\" >&2\n    exit 1\nfi\n# This output is used by Xcode 'outputs' to avoid re-running this script phase.\necho \"SUCCESS\" > \"${SCRIPT_OUTPUT_FILE_0}\"\n";
			showEnvVarsInLog = 0;
		};
		8505C2D33D857942508C9B4C /* [CP] Embed Pods Frameworks */ = {
			isa = PBXShellScriptBuildPhase;
			buildActionMask = 2147483647;
			files = (
			);
			inputFileListPaths = (
				"${PODS_ROOT}/Target Support Files/Pods-Parstagram/Pods-Parstagram-frameworks-${CONFIGURATION}-input-files.xcfilelist",
			);
			name = "[CP] Embed Pods Frameworks";
			outputFileListPaths = (
				"${PODS_ROOT}/Target Support Files/Pods-Parstagram/Pods-Parstagram-frameworks-${CONFIGURATION}-output-files.xcfilelist",
			);
			runOnlyForDeploymentPostprocessing = 0;
			shellPath = /bin/sh;
			shellScript = "\"${PODS_ROOT}/Target Support Files/Pods-Parstagram/Pods-Parstagram-frameworks.sh\"\n";
			showEnvVarsInLog = 0;
		};
/* End PBXShellScriptBuildPhase section */

/* Begin PBXSourcesBuildPhase section */
		8E131E9227EBD5C600C61027 /* Sources */ = {
			isa = PBXSourcesBuildPhase;
			buildActionMask = 2147483647;
			files = (
				8E131ECA27ECCF5600C61027 /* LoginViewController.swift in Sources */,
				8E131ECE27ECD70D00C61027 /* CameraViewController.swift in Sources */,
				8E131E9A27EBD5C600C61027 /* AppDelegate.swift in Sources */,
				8E131ECC27ECCF6D00C61027 /* FeedViewController.swift in Sources */,
				8EE685DA27F6193900188316 /* CommentViewCell.swift in Sources */,
				8E131E9C27EBD5C600C61027 /* SceneDelegate.swift in Sources */,
				8EE685E027F6382E00188316 /* ProfileViewController.swift in Sources */,
				8E131ED027ECE87A00C61027 /* PostCell.swift in Sources */,
			);
			runOnlyForDeploymentPostprocessing = 0;
		};
		8E131EA827EBD5C700C61027 /* Sources */ = {
			isa = PBXSourcesBuildPhase;
			buildActionMask = 2147483647;
			files = (
				8E131EB127EBD5C700C61027 /* ParstagramTests.swift in Sources */,
			);
			runOnlyForDeploymentPostprocessing = 0;
		};
		8E131EB227EBD5C700C61027 /* Sources */ = {
			isa = PBXSourcesBuildPhase;
			buildActionMask = 2147483647;
			files = (
				8E131EBD27EBD5C700C61027 /* ParstagramUITestsLaunchTests.swift in Sources */,
				8E131EBB27EBD5C700C61027 /* ParstagramUITests.swift in Sources */,
			);
			runOnlyForDeploymentPostprocessing = 0;
		};
/* End PBXSourcesBuildPhase section */

/* Begin PBXTargetDependency section */
		8E131EAE27EBD5C700C61027 /* PBXTargetDependency */ = {
			isa = PBXTargetDependency;
			target = 8E131E9527EBD5C600C61027 /* Parstagram */;
			targetProxy = 8E131EAD27EBD5C700C61027 /* PBXContainerItemProxy */;
		};
		8E131EB827EBD5C700C61027 /* PBXTargetDependency */ = {
			isa = PBXTargetDependency;
			target = 8E131E9527EBD5C600C61027 /* Parstagram */;
			targetProxy = 8E131EB727EBD5C700C61027 /* PBXContainerItemProxy */;
		};
/* End PBXTargetDependency section */

/* Begin PBXVariantGroup section */
		8E131E9F27EBD5C600C61027 /* Main.storyboard */ = {
			isa = PBXVariantGroup;
			children = (
				8E131EA027EBD5C600C61027 /* Base */,
			);
			name = Main.storyboard;
			sourceTree = "<group>";
		};
		8E131EA427EBD5C700C61027 /* LaunchScreen.storyboard */ = {
			isa = PBXVariantGroup;
			children = (
				8E131EA527EBD5C700C61027 /* Base */,
			);
			name = LaunchScreen.storyboard;
			sourceTree = "<group>";
		};
/* End PBXVariantGroup section */

/* Begin XCBuildConfiguration section */
		8E131EBE27EBD5C700C61027 /* Debug */ = {
			isa = XCBuildConfiguration;
			buildSettings = {
				ALWAYS_SEARCH_USER_PATHS = NO;
				CLANG_ANALYZER_NONNULL = YES;
				CLANG_ANALYZER_NUMBER_OBJECT_CONVERSION = YES_AGGRESSIVE;
				CLANG_CXX_LANGUAGE_STANDARD = "gnu++17";
				CLANG_ENABLE_MODULES = YES;
				CLANG_ENABLE_OBJC_ARC = YES;
				CLANG_ENABLE_OBJC_WEAK = YES;
				CLANG_WARN_BLOCK_CAPTURE_AUTORELEASING = YES;
				CLANG_WARN_BOOL_CONVERSION = YES;
				CLANG_WARN_COMMA = YES;
				CLANG_WARN_CONSTANT_CONVERSION = YES;
				CLANG_WARN_DEPRECATED_OBJC_IMPLEMENTATIONS = YES;
				CLANG_WARN_DIRECT_OBJC_ISA_USAGE = YES_ERROR;
				CLANG_WARN_DOCUMENTATION_COMMENTS = YES;
				CLANG_WARN_EMPTY_BODY = YES;
				CLANG_WARN_ENUM_CONVERSION = YES;
				CLANG_WARN_INFINITE_RECURSION = YES;
				CLANG_WARN_INT_CONVERSION = YES;
				CLANG_WARN_NON_LITERAL_NULL_CONVERSION = YES;
				CLANG_WARN_OBJC_IMPLICIT_RETAIN_SELF = YES;
				CLANG_WARN_OBJC_LITERAL_CONVERSION = YES;
				CLANG_WARN_OBJC_ROOT_CLASS = YES_ERROR;
				CLANG_WARN_QUOTED_INCLUDE_IN_FRAMEWORK_HEADER = YES;
				CLANG_WARN_RANGE_LOOP_ANALYSIS = YES;
				CLANG_WARN_STRICT_PROTOTYPES = YES;
				CLANG_WARN_SUSPICIOUS_MOVE = YES;
				CLANG_WARN_UNGUARDED_AVAILABILITY = YES_AGGRESSIVE;
				CLANG_WARN_UNREACHABLE_CODE = YES;
				CLANG_WARN__DUPLICATE_METHOD_MATCH = YES;
				COPY_PHASE_STRIP = NO;
				DEBUG_INFORMATION_FORMAT = dwarf;
				ENABLE_STRICT_OBJC_MSGSEND = YES;
				ENABLE_TESTABILITY = YES;
				GCC_C_LANGUAGE_STANDARD = gnu11;
				GCC_DYNAMIC_NO_PIC = NO;
				GCC_NO_COMMON_BLOCKS = YES;
				GCC_OPTIMIZATION_LEVEL = 0;
				GCC_PREPROCESSOR_DEFINITIONS = (
					"DEBUG=1",
					"$(inherited)",
				);
				GCC_WARN_64_TO_32_BIT_CONVERSION = YES;
				GCC_WARN_ABOUT_RETURN_TYPE = YES_ERROR;
				GCC_WARN_UNDECLARED_SELECTOR = YES;
				GCC_WARN_UNINITIALIZED_AUTOS = YES_AGGRESSIVE;
				GCC_WARN_UNUSED_FUNCTION = YES;
				GCC_WARN_UNUSED_VARIABLE = YES;
				IPHONEOS_DEPLOYMENT_TARGET = 15.4;
				MTL_ENABLE_DEBUG_INFO = INCLUDE_SOURCE;
				MTL_FAST_MATH = YES;
				ONLY_ACTIVE_ARCH = YES;
				SDKROOT = iphoneos;
				SWIFT_ACTIVE_COMPILATION_CONDITIONS = DEBUG;
				SWIFT_OPTIMIZATION_LEVEL = "-Onone";
			};
			name = Debug;
		};
		8E131EBF27EBD5C700C61027 /* Release */ = {
			isa = XCBuildConfiguration;
			buildSettings = {
				ALWAYS_SEARCH_USER_PATHS = NO;
				CLANG_ANALYZER_NONNULL = YES;
				CLANG_ANALYZER_NUMBER_OBJECT_CONVERSION = YES_AGGRESSIVE;
				CLANG_CXX_LANGUAGE_STANDARD = "gnu++17";
				CLANG_ENABLE_MODULES = YES;
				CLANG_ENABLE_OBJC_ARC = YES;
				CLANG_ENABLE_OBJC_WEAK = YES;
				CLANG_WARN_BLOCK_CAPTURE_AUTORELEASING = YES;
				CLANG_WARN_BOOL_CONVERSION = YES;
				CLANG_WARN_COMMA = YES;
				CLANG_WARN_CONSTANT_CONVERSION = YES;
				CLANG_WARN_DEPRECATED_OBJC_IMPLEMENTATIONS = YES;
				CLANG_WARN_DIRECT_OBJC_ISA_USAGE = YES_ERROR;
				CLANG_WARN_DOCUMENTATION_COMMENTS = YES;
				CLANG_WARN_EMPTY_BODY = YES;
				CLANG_WARN_ENUM_CONVERSION = YES;
				CLANG_WARN_INFINITE_RECURSION = YES;
				CLANG_WARN_INT_CONVERSION = YES;
				CLANG_WARN_NON_LITERAL_NULL_CONVERSION = YES;
				CLANG_WARN_OBJC_IMPLICIT_RETAIN_SELF = YES;
				CLANG_WARN_OBJC_LITERAL_CONVERSION = YES;
				CLANG_WARN_OBJC_ROOT_CLASS = YES_ERROR;
				CLANG_WARN_QUOTED_INCLUDE_IN_FRAMEWORK_HEADER = YES;
				CLANG_WARN_RANGE_LOOP_ANALYSIS = YES;
				CLANG_WARN_STRICT_PROTOTYPES = YES;
				CLANG_WARN_SUSPICIOUS_MOVE = YES;
				CLANG_WARN_UNGUARDED_AVAILABILITY = YES_AGGRESSIVE;
				CLANG_WARN_UNREACHABLE_CODE = YES;
				CLANG_WARN__DUPLICATE_METHOD_MATCH = YES;
				COPY_PHASE_STRIP = NO;
				DEBUG_INFORMATION_FORMAT = "dwarf-with-dsym";
				ENABLE_NS_ASSERTIONS = NO;
				ENABLE_STRICT_OBJC_MSGSEND = YES;
				GCC_C_LANGUAGE_STANDARD = gnu11;
				GCC_NO_COMMON_BLOCKS = YES;
				GCC_WARN_64_TO_32_BIT_CONVERSION = YES;
				GCC_WARN_ABOUT_RETURN_TYPE = YES_ERROR;
				GCC_WARN_UNDECLARED_SELECTOR = YES;
				GCC_WARN_UNINITIALIZED_AUTOS = YES_AGGRESSIVE;
				GCC_WARN_UNUSED_FUNCTION = YES;
				GCC_WARN_UNUSED_VARIABLE = YES;
				IPHONEOS_DEPLOYMENT_TARGET = 15.4;
				MTL_ENABLE_DEBUG_INFO = NO;
				MTL_FAST_MATH = YES;
				SDKROOT = iphoneos;
				SWIFT_COMPILATION_MODE = wholemodule;
				SWIFT_OPTIMIZATION_LEVEL = "-O";
				VALIDATE_PRODUCT = YES;
			};
			name = Release;
		};
		8E131EC127EBD5C700C61027 /* Debug */ = {
			isa = XCBuildConfiguration;
			baseConfigurationReference = C0C1B85A95953F948305F466 /* Pods-Parstagram.debug.xcconfig */;
			buildSettings = {
				ASSETCATALOG_COMPILER_APPICON_NAME = AppIcon;
				ASSETCATALOG_COMPILER_GLOBAL_ACCENT_COLOR_NAME = AccentColor;
				CODE_SIGN_STYLE = Automatic;
				CURRENT_PROJECT_VERSION = 1;
				DEVELOPMENT_TEAM = A68747997M;
				GENERATE_INFOPLIST_FILE = YES;
				INFOPLIST_FILE = Parstagram/Info.plist;
				INFOPLIST_KEY_UIApplicationSupportsIndirectInputEvents = YES;
				INFOPLIST_KEY_UILaunchStoryboardName = LaunchScreen;
				INFOPLIST_KEY_UIMainStoryboardFile = Main;
				INFOPLIST_KEY_UISupportedInterfaceOrientations_iPad = "UIInterfaceOrientationPortrait UIInterfaceOrientationPortraitUpsideDown UIInterfaceOrientationLandscapeLeft UIInterfaceOrientationLandscapeRight";
				INFOPLIST_KEY_UISupportedInterfaceOrientations_iPhone = "UIInterfaceOrientationPortrait UIInterfaceOrientationLandscapeLeft UIInterfaceOrientationLandscapeRight";
				LD_RUNPATH_SEARCH_PATHS = (
					"$(inherited)",
					"@executable_path/Frameworks",
				);
				MARKETING_VERSION = 1.0;
				PRODUCT_BUNDLE_IDENTIFIER = "com.sain.yelaman-columbia.edu.Parstagram";
				PRODUCT_NAME = "$(TARGET_NAME)";
				SWIFT_EMIT_LOC_STRINGS = YES;
				SWIFT_VERSION = 5.0;
				TARGETED_DEVICE_FAMILY = "1,2";
			};
			name = Debug;
		};
		8E131EC227EBD5C700C61027 /* Release */ = {
			isa = XCBuildConfiguration;
			baseConfigurationReference = 3D72FF89D0FC1BFF15774124 /* Pods-Parstagram.release.xcconfig */;
			buildSettings = {
				ASSETCATALOG_COMPILER_APPICON_NAME = AppIcon;
				ASSETCATALOG_COMPILER_GLOBAL_ACCENT_COLOR_NAME = AccentColor;
				CODE_SIGN_STYLE = Automatic;
				CURRENT_PROJECT_VERSION = 1;
				DEVELOPMENT_TEAM = A68747997M;
				GENERATE_INFOPLIST_FILE = YES;
				INFOPLIST_FILE = Parstagram/Info.plist;
				INFOPLIST_KEY_UIApplicationSupportsIndirectInputEvents = YES;
				INFOPLIST_KEY_UILaunchStoryboardName = LaunchScreen;
				INFOPLIST_KEY_UIMainStoryboardFile = Main;
				INFOPLIST_KEY_UISupportedInterfaceOrientations_iPad = "UIInterfaceOrientationPortrait UIInterfaceOrientationPortraitUpsideDown UIInterfaceOrientationLandscapeLeft UIInterfaceOrientationLandscapeRight";
				INFOPLIST_KEY_UISupportedInterfaceOrientations_iPhone = "UIInterfaceOrientationPortrait UIInterfaceOrientationLandscapeLeft UIInterfaceOrientationLandscapeRight";
				LD_RUNPATH_SEARCH_PATHS = (
					"$(inherited)",
					"@executable_path/Frameworks",
				);
				MARKETING_VERSION = 1.0;
				PRODUCT_BUNDLE_IDENTIFIER = "com.sain.yelaman-columbia.edu.Parstagram";
				PRODUCT_NAME = "$(TARGET_NAME)";
				SWIFT_EMIT_LOC_STRINGS = YES;
				SWIFT_VERSION = 5.0;
				TARGETED_DEVICE_FAMILY = "1,2";
			};
			name = Release;
		};
		8E131EC427EBD5C700C61027 /* Debug */ = {
			isa = XCBuildConfiguration;
			buildSettings = {
				ALWAYS_EMBED_SWIFT_STANDARD_LIBRARIES = YES;
				BUNDLE_LOADER = "$(TEST_HOST)";
				CODE_SIGN_STYLE = Automatic;
				CURRENT_PROJECT_VERSION = 1;
				DEVELOPMENT_TEAM = A68747997M;
				GENERATE_INFOPLIST_FILE = YES;
				IPHONEOS_DEPLOYMENT_TARGET = 15.4;
				MARKETING_VERSION = 1.0;
				PRODUCT_BUNDLE_IDENTIFIER = "com.sain.yelaman-columbia.edu.ParstagramTests";
				PRODUCT_NAME = "$(TARGET_NAME)";
				SWIFT_EMIT_LOC_STRINGS = NO;
				SWIFT_VERSION = 5.0;
				TARGETED_DEVICE_FAMILY = "1,2";
				TEST_HOST = "$(BUILT_PRODUCTS_DIR)/Parstagram.app/Parstagram";
			};
			name = Debug;
		};
		8E131EC527EBD5C700C61027 /* Release */ = {
			isa = XCBuildConfiguration;
			buildSettings = {
				ALWAYS_EMBED_SWIFT_STANDARD_LIBRARIES = YES;
				BUNDLE_LOADER = "$(TEST_HOST)";
				CODE_SIGN_STYLE = Automatic;
				CURRENT_PROJECT_VERSION = 1;
				DEVELOPMENT_TEAM = A68747997M;
				GENERATE_INFOPLIST_FILE = YES;
				IPHONEOS_DEPLOYMENT_TARGET = 15.4;
				MARKETING_VERSION = 1.0;
				PRODUCT_BUNDLE_IDENTIFIER = "com.sain.yelaman-columbia.edu.ParstagramTests";
				PRODUCT_NAME = "$(TARGET_NAME)";
				SWIFT_EMIT_LOC_STRINGS = NO;
				SWIFT_VERSION = 5.0;
				TARGETED_DEVICE_FAMILY = "1,2";
				TEST_HOST = "$(BUILT_PRODUCTS_DIR)/Parstagram.app/Parstagram";
			};
			name = Release;
		};
		8E131EC727EBD5C700C61027 /* Debug */ = {
			isa = XCBuildConfiguration;
			buildSettings = {
				ALWAYS_EMBED_SWIFT_STANDARD_LIBRARIES = YES;
				CODE_SIGN_STYLE = Automatic;
				CURRENT_PROJECT_VERSION = 1;
				DEVELOPMENT_TEAM = A68747997M;
				GENERATE_INFOPLIST_FILE = YES;
				MARKETING_VERSION = 1.0;
				PRODUCT_BUNDLE_IDENTIFIER = "com.sain.yelaman-columbia.edu.ParstagramUITests";
				PRODUCT_NAME = "$(TARGET_NAME)";
				SWIFT_EMIT_LOC_STRINGS = NO;
				SWIFT_VERSION = 5.0;
				TARGETED_DEVICE_FAMILY = "1,2";
				TEST_TARGET_NAME = Parstagram;
			};
			name = Debug;
		};
		8E131EC827EBD5C700C61027 /* Release */ = {
			isa = XCBuildConfiguration;
			buildSettings = {
				ALWAYS_EMBED_SWIFT_STANDARD_LIBRARIES = YES;
				CODE_SIGN_STYLE = Automatic;
				CURRENT_PROJECT_VERSION = 1;
				DEVELOPMENT_TEAM = A68747997M;
				GENERATE_INFOPLIST_FILE = YES;
				MARKETING_VERSION = 1.0;
				PRODUCT_BUNDLE_IDENTIFIER = "com.sain.yelaman-columbia.edu.ParstagramUITests";
				PRODUCT_NAME = "$(TARGET_NAME)";
				SWIFT_EMIT_LOC_STRINGS = NO;
				SWIFT_VERSION = 5.0;
				TARGETED_DEVICE_FAMILY = "1,2";
				TEST_TARGET_NAME = Parstagram;
			};
			name = Release;
		};
/* End XCBuildConfiguration section */

/* Begin XCConfigurationList section */
		8E131E9127EBD5C600C61027 /* Build configuration list for PBXProject "Parstagram" */ = {
			isa = XCConfigurationList;
			buildConfigurations = (
				8E131EBE27EBD5C700C61027 /* Debug */,
				8E131EBF27EBD5C700C61027 /* Release */,
			);
			defaultConfigurationIsVisible = 0;
			defaultConfigurationName = Release;
		};
		8E131EC027EBD5C700C61027 /* Build configuration list for PBXNativeTarget "Parstagram" */ = {
			isa = XCConfigurationList;
			buildConfigurations = (
				8E131EC127EBD5C700C61027 /* Debug */,
				8E131EC227EBD5C700C61027 /* Release */,
			);
			defaultConfigurationIsVisible = 0;
			defaultConfigurationName = Release;
		};
		8E131EC327EBD5C700C61027 /* Build configuration list for PBXNativeTarget "ParstagramTests" */ = {
			isa = XCConfigurationList;
			buildConfigurations = (
				8E131EC427EBD5C700C61027 /* Debug */,
				8E131EC527EBD5C700C61027 /* Release */,
			);
			defaultConfigurationIsVisible = 0;
			defaultConfigurationName = Release;
		};
		8E131EC627EBD5C700C61027 /* Build configuration list for PBXNativeTarget "ParstagramUITests" */ = {
			isa = XCConfigurationList;
			buildConfigurations = (
				8E131EC727EBD5C700C61027 /* Debug */,
				8E131EC827EBD5C700C61027 /* Release */,
			);
			defaultConfigurationIsVisible = 0;
			defaultConfigurationName = Release;
		};
/* End XCConfigurationList section */
	};
	rootObject = 8E131E8E27EBD5C600C61027 /* Project object */;
}
